
Microsoft Visual Studio Solution File, Format Version 12.00
# Visual Studio Version 17
VisualStudioVersion = 17.0.32112.339
MinimumVisualStudioVersion = 10.0.40219.1
Project("{2150E333-8FDC-42A3-9474-1A3956D46DE8}") = "src", "src", "{14083F4C-3DD0-44FC-A4F1-07215340C1F8}"
EndProject
Project("{2150E333-8FDC-42A3-9474-1A3956D46DE8}") = "tests", "tests", "{56D2AF7B-E36A-4B71-B139-1A230D64EE9F}"
EndProject
Project("{2150E333-8FDC-42A3-9474-1A3956D46DE8}") = "Auth", "Auth", "{3E6FAE94-84DC-42C4-86E3-2E6A3ECCDD75}"
EndProject
Project("{2150E333-8FDC-42A3-9474-1A3956D46DE8}") = "Movies", "Movies", "{134E9A61-A95B-4B9C-A51B-CFB317273B19}"
EndProject
Project("{9A19103F-16F7-4668-BE54-9A1E7A4F7556}") = "MPR.Auth.Api", "src\Auth\MPR.Auth.Api\MPR.Auth.Api.csproj", "{7061E0B8-4CDF-4A24-9035-5F2FA934582A}"
EndProject
Project("{9A19103F-16F7-4668-BE54-9A1E7A4F7556}") = "MPR.Auth.Data", "src\Auth\MPR.Auth.Data\MPR.Auth.Data.csproj", "{2316EBAF-4BBD-42A5-BD4B-5E4435B1FCC1}"
EndProject
Project("{9A19103F-16F7-4668-BE54-9A1E7A4F7556}") = "MPR.Movies.Api", "src\Movies\MPR.Movies.Api\MPR.Movies.Api.csproj", "{500AB5D1-C9E0-4348-9C29-775BCA90665E}"
EndProject
Project("{9A19103F-16F7-4668-BE54-9A1E7A4F7556}") = "MPR.Movies.Logic", "src\Movies\MPR.Movies.Logic\MPR.Movies.Logic.csproj", "{2CEF90BB-9615-4C11-9C1D-7E1532664B1B}"
EndProject
Project("{9A19103F-16F7-4668-BE54-9A1E7A4F7556}") = "MPR.Movies.Data", "src\Movies\MPR.Movies.Data\MPR.Movies.Data.csproj", "{71F2B3A3-45B5-4133-B9E5-DC14D8FD2F04}"
EndProject
Project("{2150E333-8FDC-42A3-9474-1A3956D46DE8}") = "Shared", "Shared", "{C41C15E8-2D8A-46E7-BCF2-B0999C83ADD1}"
EndProject
Project("{9A19103F-16F7-4668-BE54-9A1E7A4F7556}") = "MPR.Shared.Logic", "src\Shared\MPR.Shared.Logic\MPR.Shared.Logic.csproj", "{2074E317-5A00-4430-A505-4D40F390E2B4}"
EndProject
Project("{9A19103F-16F7-4668-BE54-9A1E7A4F7556}") = "MPR.Shared.Domain", "src\Shared\MPR.Shared.Domain\MPR.Shared.Domain.csproj", "{3FA03188-ADCC-41CA-AF92-A6FA99C091A9}"
EndProject
Project("{9A19103F-16F7-4668-BE54-9A1E7A4F7556}") = "MPR.Movies.TheMovieDb", "src\Movies\MPR.Movies.TheMovieDb\MPR.Movies.TheMovieDb.csproj", "{81A82DEF-02D3-48D0-B870-3513CE7B6317}"
EndProject
Project("{9A19103F-16F7-4668-BE54-9A1E7A4F7556}") = "MPR.Shared.Configuration", "src\Shared\MPR.Shared.Configuration\MPR.Shared.Configuration.csproj", "{DDE72FB4-0656-471B-9AA4-149636ADE864}"
EndProject
Project("{9A19103F-16F7-4668-BE54-9A1E7A4F7556}") = "MPR.Movies.Configuration", "src\Movies\MPR.Movies.Configuration\MPR.Movies.Configuration.csproj", "{28A9542D-1D6F-4392-991E-56DC235178DE}"
EndProject
Project("{9A19103F-16F7-4668-BE54-9A1E7A4F7556}") = "MPR.Shared.Data", "src\Shared\MPR.Shared.Data\MPR.Shared.Data.csproj", "{641F6C1F-41ED-4E93-8D65-39640F115871}"
EndProject
Project("{9A19103F-16F7-4668-BE54-9A1E7A4F7556}") = "MPR.Auth.Configuration", "src\Auth\MPR.Auth.Configuration\MPR.Auth.Configuration.csproj", "{953B5B1B-5F6A-429C-B40A-39B6783EF85B}"
EndProject
Project("{2150E333-8FDC-42A3-9474-1A3956D46DE8}") = "Movies", "Movies", "{BBD69D4F-0C86-4CD2-8F4F-C8BF9966AFD9}"
EndProject
Project("{9A19103F-16F7-4668-BE54-9A1E7A4F7556}") = "MPR.Movies.Logic.Tests", "tests\Movies\MPR.Movies.Logic.Tests\MPR.Movies.Logic.Tests.csproj", "{035EE9C3-0E6F-42EA-B91B-0156415D2CF5}"
EndProject
Project("{2150E333-8FDC-42A3-9474-1A3956D46DE8}") = "Cinemas", "Cinemas", "{19FF100E-3D7B-42D2-9BB0-5A398749C912}"
EndProject
Project("{9A19103F-16F7-4668-BE54-9A1E7A4F7556}") = "MPR.Cinemas.Api", "src\Cinemas\MPR.Cinemas.Api\MPR.Cinemas.Api.csproj", "{4555F564-FE15-41EF-BB7E-7B03F7F33040}"
EndProject
Project("{9A19103F-16F7-4668-BE54-9A1E7A4F7556}") = "MPR.Cinemas.Data", "src\Cinemas\MPR.Cinemas.Data\MPR.Cinemas.Data.csproj", "{A311EE8A-4063-4C15-9258-FA04A247A09A}"
EndProject
Project("{9A19103F-16F7-4668-BE54-9A1E7A4F7556}") = "MPR.Cinemas.Logic", "src\Cinemas\MPR.Cinemas.Logic\MPR.Cinemas.Logic.csproj", "{019C6130-A700-4FB4-AF19-2B464CD60610}"
EndProject
Project("{FAE04EC0-301F-11D3-BF4B-00C04F79EFBC}") = "MPR.Cinemas.Configuration", "src\Cinemas\MPR.Cinemas.Configuration\MPR.Cinemas.Configuration.csproj", "{79353D3E-B7EA-4505-9FA8-99D1CC19F9E3}"
EndProject
Project("{2150E333-8FDC-42A3-9474-1A3956D46DE8}") = "Shows", "Shows", "{8298F160-7728-4D98-836D-D67772153B04}"
EndProject
Project("{2150E333-8FDC-42A3-9474-1A3956D46DE8}") = "Purchases", "Purchases", "{56DBCBA8-8F90-494C-B83F-081A3523D0D5}"
EndProject
Global
	GlobalSection(SolutionConfigurationPlatforms) = preSolution
		Debug|Any CPU = Debug|Any CPU
		Release|Any CPU = Release|Any CPU
	EndGlobalSection
	GlobalSection(ProjectConfigurationPlatforms) = postSolution
		{7061E0B8-4CDF-4A24-9035-5F2FA934582A}.Debug|Any CPU.ActiveCfg = Debug|Any CPU
		{7061E0B8-4CDF-4A24-9035-5F2FA934582A}.Debug|Any CPU.Build.0 = Debug|Any CPU
		{7061E0B8-4CDF-4A24-9035-5F2FA934582A}.Release|Any CPU.ActiveCfg = Release|Any CPU
		{7061E0B8-4CDF-4A24-9035-5F2FA934582A}.Release|Any CPU.Build.0 = Release|Any CPU
		{2316EBAF-4BBD-42A5-BD4B-5E4435B1FCC1}.Debug|Any CPU.ActiveCfg = Debug|Any CPU
		{2316EBAF-4BBD-42A5-BD4B-5E4435B1FCC1}.Debug|Any CPU.Build.0 = Debug|Any CPU
		{2316EBAF-4BBD-42A5-BD4B-5E4435B1FCC1}.Release|Any CPU.ActiveCfg = Release|Any CPU
		{2316EBAF-4BBD-42A5-BD4B-5E4435B1FCC1}.Release|Any CPU.Build.0 = Release|Any CPU
		{500AB5D1-C9E0-4348-9C29-775BCA90665E}.Debug|Any CPU.ActiveCfg = Debug|Any CPU
		{500AB5D1-C9E0-4348-9C29-775BCA90665E}.Debug|Any CPU.Build.0 = Debug|Any CPU
		{500AB5D1-C9E0-4348-9C29-775BCA90665E}.Release|Any CPU.ActiveCfg = Release|Any CPU
		{500AB5D1-C9E0-4348-9C29-775BCA90665E}.Release|Any CPU.Build.0 = Release|Any CPU
		{2CEF90BB-9615-4C11-9C1D-7E1532664B1B}.Debug|Any CPU.ActiveCfg = Debug|Any CPU
		{2CEF90BB-9615-4C11-9C1D-7E1532664B1B}.Debug|Any CPU.Build.0 = Debug|Any CPU
		{2CEF90BB-9615-4C11-9C1D-7E1532664B1B}.Release|Any CPU.ActiveCfg = Release|Any CPU
		{2CEF90BB-9615-4C11-9C1D-7E1532664B1B}.Release|Any CPU.Build.0 = Release|Any CPU
		{71F2B3A3-45B5-4133-B9E5-DC14D8FD2F04}.Debug|Any CPU.ActiveCfg = Debug|Any CPU
		{71F2B3A3-45B5-4133-B9E5-DC14D8FD2F04}.Debug|Any CPU.Build.0 = Debug|Any CPU
		{71F2B3A3-45B5-4133-B9E5-DC14D8FD2F04}.Release|Any CPU.ActiveCfg = Release|Any CPU
		{71F2B3A3-45B5-4133-B9E5-DC14D8FD2F04}.Release|Any CPU.Build.0 = Release|Any CPU
		{2074E317-5A00-4430-A505-4D40F390E2B4}.Debug|Any CPU.ActiveCfg = Debug|Any CPU
		{2074E317-5A00-4430-A505-4D40F390E2B4}.Debug|Any CPU.Build.0 = Debug|Any CPU
		{2074E317-5A00-4430-A505-4D40F390E2B4}.Release|Any CPU.ActiveCfg = Release|Any CPU
		{2074E317-5A00-4430-A505-4D40F390E2B4}.Release|Any CPU.Build.0 = Release|Any CPU
		{3FA03188-ADCC-41CA-AF92-A6FA99C091A9}.Debug|Any CPU.ActiveCfg = Debug|Any CPU
		{3FA03188-ADCC-41CA-AF92-A6FA99C091A9}.Debug|Any CPU.Build.0 = Debug|Any CPU
		{3FA03188-ADCC-41CA-AF92-A6FA99C091A9}.Release|Any CPU.ActiveCfg = Release|Any CPU
		{3FA03188-ADCC-41CA-AF92-A6FA99C091A9}.Release|Any CPU.Build.0 = Release|Any CPU
		{81A82DEF-02D3-48D0-B870-3513CE7B6317}.Debug|Any CPU.ActiveCfg = Debug|Any CPU
		{81A82DEF-02D3-48D0-B870-3513CE7B6317}.Debug|Any CPU.Build.0 = Debug|Any CPU
		{81A82DEF-02D3-48D0-B870-3513CE7B6317}.Release|Any CPU.ActiveCfg = Release|Any CPU
		{81A82DEF-02D3-48D0-B870-3513CE7B6317}.Release|Any CPU.Build.0 = Release|Any CPU
		{DDE72FB4-0656-471B-9AA4-149636ADE864}.Debug|Any CPU.ActiveCfg = Debug|Any CPU
		{DDE72FB4-0656-471B-9AA4-149636ADE864}.Debug|Any CPU.Build.0 = Debug|Any CPU
		{DDE72FB4-0656-471B-9AA4-149636ADE864}.Release|Any CPU.ActiveCfg = Release|Any CPU
		{DDE72FB4-0656-471B-9AA4-149636ADE864}.Release|Any CPU.Build.0 = Release|Any CPU
		{28A9542D-1D6F-4392-991E-56DC235178DE}.Debug|Any CPU.ActiveCfg = Debug|Any CPU
		{28A9542D-1D6F-4392-991E-56DC235178DE}.Debug|Any CPU.Build.0 = Debug|Any CPU
		{28A9542D-1D6F-4392-991E-56DC235178DE}.Release|Any CPU.ActiveCfg = Release|Any CPU
		{28A9542D-1D6F-4392-991E-56DC235178DE}.Release|Any CPU.Build.0 = Release|Any CPU
		{641F6C1F-41ED-4E93-8D65-39640F115871}.Debug|Any CPU.ActiveCfg = Debug|Any CPU
		{641F6C1F-41ED-4E93-8D65-39640F115871}.Debug|Any CPU.Build.0 = Debug|Any CPU
		{641F6C1F-41ED-4E93-8D65-39640F115871}.Release|Any CPU.ActiveCfg = Release|Any CPU
		{641F6C1F-41ED-4E93-8D65-39640F115871}.Release|Any CPU.Build.0 = Release|Any CPU
		{953B5B1B-5F6A-429C-B40A-39B6783EF85B}.Debug|Any CPU.ActiveCfg = Debug|Any CPU
		{953B5B1B-5F6A-429C-B40A-39B6783EF85B}.Debug|Any CPU.Build.0 = Debug|Any CPU
		{953B5B1B-5F6A-429C-B40A-39B6783EF85B}.Release|Any CPU.ActiveCfg = Release|Any CPU
		{953B5B1B-5F6A-429C-B40A-39B6783EF85B}.Release|Any CPU.Build.0 = Release|Any CPU
		{035EE9C3-0E6F-42EA-B91B-0156415D2CF5}.Debug|Any CPU.ActiveCfg = Debug|Any CPU
		{035EE9C3-0E6F-42EA-B91B-0156415D2CF5}.Debug|Any CPU.Build.0 = Debug|Any CPU
		{035EE9C3-0E6F-42EA-B91B-0156415D2CF5}.Release|Any CPU.ActiveCfg = Release|Any CPU
		{035EE9C3-0E6F-42EA-B91B-0156415D2CF5}.Release|Any CPU.Build.0 = Release|Any CPU
		{4555F564-FE15-41EF-BB7E-7B03F7F33040}.Debug|Any CPU.ActiveCfg = Debug|Any CPU
		{4555F564-FE15-41EF-BB7E-7B03F7F33040}.Debug|Any CPU.Build.0 = Debug|Any CPU
		{4555F564-FE15-41EF-BB7E-7B03F7F33040}.Release|Any CPU.ActiveCfg = Release|Any CPU
		{4555F564-FE15-41EF-BB7E-7B03F7F33040}.Release|Any CPU.Build.0 = Release|Any CPU
		{A311EE8A-4063-4C15-9258-FA04A247A09A}.Debug|Any CPU.ActiveCfg = Debug|Any CPU
		{A311EE8A-4063-4C15-9258-FA04A247A09A}.Debug|Any CPU.Build.0 = Debug|Any CPU
		{A311EE8A-4063-4C15-9258-FA04A247A09A}.Release|Any CPU.ActiveCfg = Release|Any CPU
		{A311EE8A-4063-4C15-9258-FA04A247A09A}.Release|Any CPU.Build.0 = Release|Any CPU
		{019C6130-A700-4FB4-AF19-2B464CD60610}.Debug|Any CPU.ActiveCfg = Debug|Any CPU
		{019C6130-A700-4FB4-AF19-2B464CD60610}.Debug|Any CPU.Build.0 = Debug|Any CPU
		{019C6130-A700-4FB4-AF19-2B464CD60610}.Release|Any CPU.ActiveCfg = Release|Any CPU
		{019C6130-A700-4FB4-AF19-2B464CD60610}.Release|Any CPU.Build.0 = Release|Any CPU
		{79353D3E-B7EA-4505-9FA8-99D1CC19F9E3}.Debug|Any CPU.ActiveCfg = Debug|Any CPU
		{79353D3E-B7EA-4505-9FA8-99D1CC19F9E3}.Debug|Any CPU.Build.0 = Debug|Any CPU
		{79353D3E-B7EA-4505-9FA8-99D1CC19F9E3}.Release|Any CPU.ActiveCfg = Release|Any CPU
		{79353D3E-B7EA-4505-9FA8-99D1CC19F9E3}.Release|Any CPU.Build.0 = Release|Any CPU
	EndGlobalSection
	GlobalSection(SolutionProperties) = preSolution
		HideSolutionNode = FALSE
	EndGlobalSection
	GlobalSection(NestedProjects) = preSolution
		{3E6FAE94-84DC-42C4-86E3-2E6A3ECCDD75} = {14083F4C-3DD0-44FC-A4F1-07215340C1F8}
		{134E9A61-A95B-4B9C-A51B-CFB317273B19} = {14083F4C-3DD0-44FC-A4F1-07215340C1F8}
		{7061E0B8-4CDF-4A24-9035-5F2FA934582A} = {3E6FAE94-84DC-42C4-86E3-2E6A3ECCDD75}
		{2316EBAF-4BBD-42A5-BD4B-5E4435B1FCC1} = {3E6FAE94-84DC-42C4-86E3-2E6A3ECCDD75}
		{500AB5D1-C9E0-4348-9C29-775BCA90665E} = {134E9A61-A95B-4B9C-A51B-CFB317273B19}
		{2CEF90BB-9615-4C11-9C1D-7E1532664B1B} = {134E9A61-A95B-4B9C-A51B-CFB317273B19}
		{71F2B3A3-45B5-4133-B9E5-DC14D8FD2F04} = {134E9A61-A95B-4B9C-A51B-CFB317273B19}
		{C41C15E8-2D8A-46E7-BCF2-B0999C83ADD1} = {14083F4C-3DD0-44FC-A4F1-07215340C1F8}
		{2074E317-5A00-4430-A505-4D40F390E2B4} = {C41C15E8-2D8A-46E7-BCF2-B0999C83ADD1}
		{3FA03188-ADCC-41CA-AF92-A6FA99C091A9} = {C41C15E8-2D8A-46E7-BCF2-B0999C83ADD1}
		{81A82DEF-02D3-48D0-B870-3513CE7B6317} = {134E9A61-A95B-4B9C-A51B-CFB317273B19}
		{DDE72FB4-0656-471B-9AA4-149636ADE864} = {C41C15E8-2D8A-46E7-BCF2-B0999C83ADD1}
		{28A9542D-1D6F-4392-991E-56DC235178DE} = {134E9A61-A95B-4B9C-A51B-CFB317273B19}
		{641F6C1F-41ED-4E93-8D65-39640F115871} = {C41C15E8-2D8A-46E7-BCF2-B0999C83ADD1}
		{953B5B1B-5F6A-429C-B40A-39B6783EF85B} = {3E6FAE94-84DC-42C4-86E3-2E6A3ECCDD75}
		{BBD69D4F-0C86-4CD2-8F4F-C8BF9966AFD9} = {56D2AF7B-E36A-4B71-B139-1A230D64EE9F}
		{035EE9C3-0E6F-42EA-B91B-0156415D2CF5} = {BBD69D4F-0C86-4CD2-8F4F-C8BF9966AFD9}
		{19FF100E-3D7B-42D2-9BB0-5A398749C912} = {14083F4C-3DD0-44FC-A4F1-07215340C1F8}
		{4555F564-FE15-41EF-BB7E-7B03F7F33040} = {19FF100E-3D7B-42D2-9BB0-5A398749C912}
		{A311EE8A-4063-4C15-9258-FA04A247A09A} = {19FF100E-3D7B-42D2-9BB0-5A398749C912}
		{019C6130-A700-4FB4-AF19-2B464CD60610} = {19FF100E-3D7B-42D2-9BB0-5A398749C912}
		{79353D3E-B7EA-4505-9FA8-99D1CC19F9E3} = {19FF100E-3D7B-42D2-9BB0-5A398749C912}
		{8298F160-7728-4D98-836D-D67772153B04} = {14083F4C-3DD0-44FC-A4F1-07215340C1F8}
		{56DBCBA8-8F90-494C-B83F-081A3523D0D5} = {14083F4C-3DD0-44FC-A4F1-07215340C1F8}
	EndGlobalSection
	GlobalSection(ExtensibilityGlobals) = postSolution
		SolutionGuid = {31F823CD-1575-4907-8472-00B54BF8A777}
	EndGlobalSection
EndGlobal
